// !$*UTF8*$!
{
	archiveVersion = 1;
	classes = {
	};
	objectVersion = 46;
	objects = {

/* Begin PBXBuildFile section */
		25A1C01B1AC70F4500C58677 /* delicious.xcdatamodeld in Sources */ = {isa = PBXBuildFile; fileRef = 25A1C0191AC70F4500C58677 /* delicious.xcdatamodeld */; };
		25A1C01E1AC70F4500C58677 /* ViewController.m in Sources */ = {isa = PBXBuildFile; fileRef = 25A1C01D1AC70F4500C58677 /* ViewController.m */; };
		25A1C0211AC70F4600C58677 /* Main.storyboard in Resources */ = {isa = PBXBuildFile; fileRef = 25A1C01F1AC70F4500C58677 /* Main.storyboard */; };
		25A1C0231AC70F4600C58677 /* Images.xcassets in Resources */ = {isa = PBXBuildFile; fileRef = 25A1C0221AC70F4600C58677 /* Images.xcassets */; };
		25A1C0261AC70F4600C58677 /* LaunchScreen.xib in Resources */ = {isa = PBXBuildFile; fileRef = 25A1C0241AC70F4600C58677 /* LaunchScreen.xib */; };
		25A1C0321AC70F4600C58677 /* deliciousTests.m in Sources */ = {isa = PBXBuildFile; fileRef = 25A1C0311AC70F4600C58677 /* deliciousTests.m */; };
		25A1C03C1AC70F6A00C58677 /* MapKit.framework in Frameworks */ = {isa = PBXBuildFile; fileRef = 25A1C03B1AC70F6A00C58677 /* MapKit.framework */; };
		25A1C0471AC7120F00C58677 /* AppDelegate.m in Sources */ = {isa = PBXBuildFile; fileRef = 25A1C0451AC7120F00C58677 /* AppDelegate.m */; };
		25A1C0481AC7120F00C58677 /* main.m in Sources */ = {isa = PBXBuildFile; fileRef = 25A1C0461AC7120F00C58677 /* main.m */; };
		25A1C04C1AC71F0A00C58677 /* menuViewController.m in Sources */ = {isa = PBXBuildFile; fileRef = 25A1C04B1AC71F0A00C58677 /* menuViewController.m */; };
		25A1C04F1AC71F2C00C58677 /* mineViewController.m in Sources */ = {isa = PBXBuildFile; fileRef = 25A1C04E1AC71F2C00C58677 /* mineViewController.m */; };
		25A1C0521AC71FFD00C58677 /* orderViewController.m in Sources */ = {isa = PBXBuildFile; fileRef = 25A1C0511AC71FFD00C58677 /* orderViewController.m */; };
		25A1C0551AC720B800C58677 /* saleViewController.m in Sources */ = {isa = PBXBuildFile; fileRef = 25A1C0541AC720B800C58677 /* saleViewController.m */; };
		25A1C0581AC7212B00C58677 /* settingViewController.m in Sources */ = {isa = PBXBuildFile; fileRef = 25A1C0571AC7212B00C58677 /* settingViewController.m */; };
/* End PBXBuildFile section */

/* Begin PBXContainerItemProxy section */
		25A1C02C1AC70F4600C58677 /* PBXContainerItemProxy */ = {
			isa = PBXContainerItemProxy;
			containerPortal = 25A1C0071AC70F4500C58677 /* Project object */;
			proxyType = 1;
			remoteGlobalIDString = 25A1C00E1AC70F4500C58677;
			remoteInfo = delicious;
		};
/* End PBXContainerItemProxy section */

/* Begin PBXFileReference section */
		25A1C00F1AC70F4500C58677 /* delicious.app */ = {isa = PBXFileReference; explicitFileType = wrapper.application; includeInIndex = 0; path = delicious.app; sourceTree = BUILT_PRODUCTS_DIR; };
		25A1C0131AC70F4500C58677 /* Info.plist */ = {isa = PBXFileReference; lastKnownFileType = text.plist.xml; path = Info.plist; sourceTree = "<group>"; };
		25A1C01A1AC70F4500C58677 /* delicious.xcdatamodel */ = {isa = PBXFileReference; lastKnownFileType = wrapper.xcdatamodel; path = delicious.xcdatamodel; sourceTree = "<group>"; };
		25A1C01C1AC70F4500C58677 /* ViewController.h */ = {isa = PBXFileReference; lastKnownFileType = sourcecode.c.h; path = ViewController.h; sourceTree = "<group>"; };
		25A1C01D1AC70F4500C58677 /* ViewController.m */ = {isa = PBXFileReference; lastKnownFileType = sourcecode.c.objc; path = ViewController.m; sourceTree = "<group>"; };
		25A1C0201AC70F4500C58677 /* Base */ = {isa = PBXFileReference; lastKnownFileType = file.storyboard; name = Base; path = Base.lproj/Main.storyboard; sourceTree = "<group>"; };
		25A1C0221AC70F4600C58677 /* Images.xcassets */ = {isa = PBXFileReference; lastKnownFileType = folder.assetcatalog; path = Images.xcassets; sourceTree = "<group>"; };
		25A1C0251AC70F4600C58677 /* Base */ = {isa = PBXFileReference; lastKnownFileType = file.xib; name = Base; path = Base.lproj/LaunchScreen.xib; sourceTree = "<group>"; };
		25A1C02B1AC70F4600C58677 /* deliciousTests.xctest */ = {isa = PBXFileReference; explicitFileType = wrapper.cfbundle; includeInIndex = 0; path = deliciousTests.xctest; sourceTree = BUILT_PRODUCTS_DIR; };
		25A1C0301AC70F4600C58677 /* Info.plist */ = {isa = PBXFileReference; lastKnownFileType = text.plist.xml; path = Info.plist; sourceTree = "<group>"; };
		25A1C0311AC70F4600C58677 /* deliciousTests.m */ = {isa = PBXFileReference; lastKnownFileType = sourcecode.c.objc; path = deliciousTests.m; sourceTree = "<group>"; };
		25A1C03B1AC70F6A00C58677 /* MapKit.framework */ = {isa = PBXFileReference; lastKnownFileType = wrapper.framework; name = MapKit.framework; path = System/Library/Frameworks/MapKit.framework; sourceTree = SDKROOT; };
		25A1C0441AC7120F00C58677 /* AppDelegate.h */ = {isa = PBXFileReference; fileEncoding = 4; lastKnownFileType = sourcecode.c.h; path = AppDelegate.h; sourceTree = "<group>"; };
		25A1C0451AC7120F00C58677 /* AppDelegate.m */ = {isa = PBXFileReference; fileEncoding = 4; lastKnownFileType = sourcecode.c.objc; path = AppDelegate.m; sourceTree = "<group>"; };
		25A1C0461AC7120F00C58677 /* main.m */ = {isa = PBXFileReference; fileEncoding = 4; lastKnownFileType = sourcecode.c.objc; path = main.m; sourceTree = "<group>"; };
		25A1C04A1AC71F0A00C58677 /* menuViewController.h */ = {isa = PBXFileReference; fileEncoding = 4; lastKnownFileType = sourcecode.c.h; path = menuViewController.h; sourceTree = "<group>"; };
		25A1C04B1AC71F0A00C58677 /* menuViewController.m */ = {isa = PBXFileReference; fileEncoding = 4; lastKnownFileType = sourcecode.c.objc; path = menuViewController.m; sourceTree = "<group>"; };
		25A1C04D1AC71F2C00C58677 /* mineViewController.h */ = {isa = PBXFileReference; fileEncoding = 4; lastKnownFileType = sourcecode.c.h; path = mineViewController.h; sourceTree = "<group>"; };
		25A1C04E1AC71F2C00C58677 /* mineViewController.m */ = {isa = PBXFileReference; fileEncoding = 4; lastKnownFileType = sourcecode.c.objc; path = mineViewController.m; sourceTree = "<group>"; };
		25A1C0501AC71FFD00C58677 /* orderViewController.h */ = {isa = PBXFileReference; fileEncoding = 4; lastKnownFileType = sourcecode.c.h; path = orderViewController.h; sourceTree = "<group>"; };
		25A1C0511AC71FFD00C58677 /* orderViewController.m */ = {isa = PBXFileReference; fileEncoding = 4; lastKnownFileType = sourcecode.c.objc; path = orderViewController.m; sourceTree = "<group>"; };
		25A1C0531AC720B800C58677 /* saleViewController.h */ = {isa = PBXFileReference; fileEncoding = 4; lastKnownFileType = sourcecode.c.h; path = saleViewController.h; sourceTree = "<group>"; };
		25A1C0541AC720B800C58677 /* saleViewController.m */ = {isa = PBXFileReference; fileEncoding = 4; lastKnownFileType = sourcecode.c.objc; path = saleViewController.m; sourceTree = "<group>"; };
		25A1C0561AC7212B00C58677 /* settingViewController.h */ = {isa = PBXFileReference; fileEncoding = 4; lastKnownFileType = sourcecode.c.h; path = settingViewController.h; sourceTree = "<group>"; };
		25A1C0571AC7212B00C58677 /* settingViewController.m */ = {isa = PBXFileReference; fileEncoding = 4; lastKnownFileType = sourcecode.c.objc; path = settingViewController.m; sourceTree = "<group>"; };
/* End PBXFileReference section */

/* Begin PBXFrameworksBuildPhase section */
		25A1C00C1AC70F4500C58677 /* Frameworks */ = {
			isa = PBXFrameworksBuildPhase;
			buildActionMask = 2147483647;
			files = (
				25A1C03C1AC70F6A00C58677 /* MapKit.framework in Frameworks */,
			);
			runOnlyForDeploymentPostprocessing = 0;
		};
		25A1C0281AC70F4600C58677 /* Frameworks */ = {
			isa = PBXFrameworksBuildPhase;
			buildActionMask = 2147483647;
			files = (
			);
			runOnlyForDeploymentPostprocessing = 0;
		};
/* End PBXFrameworksBuildPhase section */

/* Begin PBXGroup section */
		25A1C0061AC70F4500C58677 = {
			isa = PBXGroup;
			children = (
				25A1C03B1AC70F6A00C58677 /* MapKit.framework */,
				25A1C0111AC70F4500C58677 /* delicious */,
				25A1C02E1AC70F4600C58677 /* deliciousTests */,
				25A1C0101AC70F4500C58677 /* Products */,
			);
			sourceTree = "<group>";
		};
		25A1C0101AC70F4500C58677 /* Products */ = {
			isa = PBXGroup;
			children = (
				25A1C00F1AC70F4500C58677 /* delicious.app */,
				25A1C02B1AC70F4600C58677 /* deliciousTests.xctest */,
			);
			name = Products;
			sourceTree = "<group>";
		};
		25A1C0111AC70F4500C58677 /* delicious */ = {
			isa = PBXGroup;
			children = (
				25A1C0491AC7121800C58677 /* lib */,
				25A1C0431AC7120F00C58677 /* other */,
				25A1C03D1AC7120600C58677 /* source */,
				25A1C01C1AC70F4500C58677 /* ViewController.h */,
				25A1C01D1AC70F4500C58677 /* ViewController.m */,
				25A1C01F1AC70F4500C58677 /* Main.storyboard */,
				25A1C0191AC70F4500C58677 /* delicious.xcdatamodeld */,
				25A1C0121AC70F4500C58677 /* Supporting Files */,
			);
			path = delicious;
			sourceTree = "<group>";
		};
		25A1C0121AC70F4500C58677 /* Supporting Files */ = {
			isa = PBXGroup;
			children = (
				25A1C0221AC70F4600C58677 /* Images.xcassets */,
				25A1C0241AC70F4600C58677 /* LaunchScreen.xib */,
				25A1C0131AC70F4500C58677 /* Info.plist */,
			);
			name = "Supporting Files";
			sourceTree = "<group>";
		};
		25A1C02E1AC70F4600C58677 /* deliciousTests */ = {
			isa = PBXGroup;
			children = (
				25A1C0311AC70F4600C58677 /* deliciousTests.m */,
				25A1C02F1AC70F4600C58677 /* Supporting Files */,
			);
			path = deliciousTests;
			sourceTree = "<group>";
		};
		25A1C02F1AC70F4600C58677 /* Supporting Files */ = {
			isa = PBXGroup;
			children = (
				25A1C0301AC70F4600C58677 /* Info.plist */,
			);
			name = "Supporting Files";
			sourceTree = "<group>";
		};
		25A1C03D1AC7120600C58677 /* source */ = {
			isa = PBXGroup;
			children = (
				25A1C03E1AC7120600C58677 /* menu菜品 */,
				25A1C03F1AC7120600C58677 /* mine自存菜品 */,
				25A1C0401AC7120600C58677 /* order定单 */,
				25A1C0411AC7120600C58677 /* sales商家 */,
				25A1C0421AC7120600C58677 /* setting */,
			);
			path = source;
			sourceTree = "<group>";
		};
		25A1C03E1AC7120600C58677 /* menu菜品 */ = {
			isa = PBXGroup;
			children = (
				25A1C04A1AC71F0A00C58677 /* menuViewController.h */,
				25A1C04B1AC71F0A00C58677 /* menuViewController.m */,
			);
			path = "menu菜品";
			sourceTree = "<group>";
		};
		25A1C03F1AC7120600C58677 /* mine自存菜品 */ = {
			isa = PBXGroup;
			children = (
				25A1C04D1AC71F2C00C58677 /* mineViewController.h */,
				25A1C04E1AC71F2C00C58677 /* mineViewController.m */,
			);
			path = "mine自存菜品";
			sourceTree = "<group>";
		};
		25A1C0401AC7120600C58677 /* order定单 */ = {
			isa = PBXGroup;
			children = (
				25A1C0501AC71FFD00C58677 /* orderViewController.h */,
				25A1C0511AC71FFD00C58677 /* orderViewController.m */,
			);
			path = "order定单";
			sourceTree = "<group>";
		};
		25A1C0411AC7120600C58677 /* sales商家 */ = {
			isa = PBXGroup;
			children = (
				25A1C0531AC720B800C58677 /* saleViewController.h */,
				25A1C0541AC720B800C58677 /* saleViewController.m */,
			);
			path = "sales商家";
			sourceTree = "<group>";
		};
		25A1C0421AC7120600C58677 /* setting */ = {
			isa = PBXGroup;
			children = (
				25A1C0561AC7212B00C58677 /* settingViewController.h */,
				25A1C0571AC7212B00C58677 /* settingViewController.m */,
			);
			path = setting;
			sourceTree = "<group>";
		};
		25A1C0431AC7120F00C58677 /* other */ = {
			isa = PBXGroup;
			children = (
				25A1C0441AC7120F00C58677 /* AppDelegate.h */,
				25A1C0451AC7120F00C58677 /* AppDelegate.m */,
				25A1C0461AC7120F00C58677 /* main.m */,
			);
			path = other;
			sourceTree = "<group>";
		};
		25A1C0491AC7121800C58677 /* lib */ = {
			isa = PBXGroup;
			children = (
			);
			path = lib;
			sourceTree = "<group>";
		};
/* End PBXGroup section */

/* Begin PBXNativeTarget section */
		25A1C00E1AC70F4500C58677 /* delicious */ = {
			isa = PBXNativeTarget;
			buildConfigurationList = 25A1C0351AC70F4600C58677 /* Build configuration list for PBXNativeTarget "delicious" */;
			buildPhases = (
				25A1C00B1AC70F4500C58677 /* Sources */,
				25A1C00C1AC70F4500C58677 /* Frameworks */,
				25A1C00D1AC70F4500C58677 /* Resources */,
			);
			buildRules = (
			);
			dependencies = (
			);
			name = delicious;
			productName = delicious;
			productReference = 25A1C00F1AC70F4500C58677 /* delicious.app */;
			productType = "com.apple.product-type.application";
		};
		25A1C02A1AC70F4600C58677 /* deliciousTests */ = {
			isa = PBXNativeTarget;
			buildConfigurationList = 25A1C0381AC70F4600C58677 /* Build configuration list for PBXNativeTarget "deliciousTests" */;
			buildPhases = (
				25A1C0271AC70F4600C58677 /* Sources */,
				25A1C0281AC70F4600C58677 /* Frameworks */,
				25A1C0291AC70F4600C58677 /* Resources */,
			);
			buildRules = (
			);
			dependencies = (
				25A1C02D1AC70F4600C58677 /* PBXTargetDependency */,
			);
			name = deliciousTests;
			productName = deliciousTests;
			productReference = 25A1C02B1AC70F4600C58677 /* deliciousTests.xctest */;
			productType = "com.apple.product-type.bundle.unit-test";
		};
/* End PBXNativeTarget section */

/* Begin PBXProject section */
		25A1C0071AC70F4500C58677 /* Project object */ = {
			isa = PBXProject;
			attributes = {
				LastUpgradeCheck = 0630;
				ORGANIZATIONNAME = "qiao xingxing";
				TargetAttributes = {
					25A1C00E1AC70F4500C58677 = {
						CreatedOnToolsVersion = 6.3;
					};
					25A1C02A1AC70F4600C58677 = {
						CreatedOnToolsVersion = 6.3;
						TestTargetID = 25A1C00E1AC70F4500C58677;
					};
				};
			};
			buildConfigurationList = 25A1C00A1AC70F4500C58677 /* Build configuration list for PBXProject "delicious" */;
			compatibilityVersion = "Xcode 3.2";
			developmentRegion = English;
			hasScannedForEncodings = 0;
			knownRegions = (
				en,
				Base,
			);
			mainGroup = 25A1C0061AC70F4500C58677;
			productRefGroup = 25A1C0101AC70F4500C58677 /* Products */;
			projectDirPath = "";
			projectRoot = "";
			targets = (
				25A1C00E1AC70F4500C58677 /* delicious */,
				25A1C02A1AC70F4600C58677 /* deliciousTests */,
			);
		};
/* End PBXProject section */

/* Begin PBXResourcesBuildPhase section */
		25A1C00D1AC70F4500C58677 /* Resources */ = {
			isa = PBXResourcesBuildPhase;
			buildActionMask = 2147483647;
			files = (
				25A1C0211AC70F4600C58677 /* Main.storyboard in Resources */,
				25A1C0261AC70F4600C58677 /* LaunchScreen.xib in Resources */,
				25A1C0231AC70F4600C58677 /* Images.xcassets in Resources */,
			);
			runOnlyForDeploymentPostprocessing = 0;
		};
		25A1C0291AC70F4600C58677 /* Resources */ = {
			isa = PBXResourcesBuildPhase;
			buildActionMask = 2147483647;
			files = (
			);
			runOnlyForDeploymentPostprocessing = 0;
		};
/* End PBXResourcesBuildPhase section */

/* Begin PBXSourcesBuildPhase section */
		25A1C00B1AC70F4500C58677 /* Sources */ = {
			isa = PBXSourcesBuildPhase;
			buildActionMask = 2147483647;
			files = (
				25A1C01B1AC70F4500C58677 /* delicious.xcdatamodeld in Sources */,
				25A1C01E1AC70F4500C58677 /* ViewController.m in Sources */,
				25A1C0481AC7120F00C58677 /* main.m in Sources */,
				25A1C0551AC720B800C58677 /* saleViewController.m in Sources */,
				25A1C0521AC71FFD00C58677 /* orderViewController.m in Sources */,
				25A1C0471AC7120F00C58677 /* AppDelegate.m in Sources */,
				25A1C04C1AC71F0A00C58677 /* menuViewController.m in Sources */,
				25A1C0581AC7212B00C58677 /* settingViewController.m in Sources */,
				25A1C04F1AC71F2C00C58677 /* mineViewController.m in Sources */,
			);
			runOnlyForDeploymentPostprocessing = 0;
		};
		25A1C0271AC70F4600C58677 /* Sources */ = {
			isa = PBXSourcesBuildPhase;
			buildActionMask = 2147483647;
			files = (
				25A1C0321AC70F4600C58677 /* deliciousTests.m in Sources */,
			);
			runOnlyForDeploymentPostprocessing = 0;
		};
/* End PBXSourcesBuildPhase section */

/* Begin PBXTargetDependency section */
		25A1C02D1AC70F4600C58677 /* PBXTargetDependency */ = {
			isa = PBXTargetDependency;
			target = 25A1C00E1AC70F4500C58677 /* delicious */;
			targetProxy = 25A1C02C1AC70F4600C58677 /* PBXContainerItemProxy */;
		};
/* End PBXTargetDependency section */

/* Begin PBXVariantGroup section */
		25A1C01F1AC70F4500C58677 /* Main.storyboard */ = {
			isa = PBXVariantGroup;
			children = (
				25A1C0201AC70F4500C58677 /* Base */,
			);
			name = Main.storyboard;
			sourceTree = "<group>";
		};
		25A1C0241AC70F4600C58677 /* LaunchScreen.xib */ = {
			isa = PBXVariantGroup;
			children = (
				25A1C0251AC70F4600C58677 /* Base */,
			);
			name = LaunchScreen.xib;
			sourceTree = "<group>";
		};
/* End PBXVariantGroup section */

/* Begin XCBuildConfiguration section */
		25A1C0331AC70F4600C58677 /* Debug */ = {
			isa = XCBuildConfiguration;
			buildSettings = {
				ALWAYS_SEARCH_USER_PATHS = NO;
				CLANG_CXX_LANGUAGE_STANDARD = "gnu++0x";
				CLANG_CXX_LIBRARY = "libc++";
				CLANG_ENABLE_MODULES = YES;
				CLANG_ENABLE_OBJC_ARC = YES;
				CLANG_WARN_BOOL_CONVERSION = YES;
				CLANG_WARN_CONSTANT_CONVERSION = YES;
				CLANG_WARN_DIRECT_OBJC_ISA_USAGE = YES_ERROR;
				CLANG_WARN_EMPTY_BODY = YES;
				CLANG_WARN_ENUM_CONVERSION = YES;
				CLANG_WARN_INT_CONVERSION = YES;
				CLANG_WARN_OBJC_ROOT_CLASS = YES_ERROR;
				CLANG_WARN_UNREACHABLE_CODE = YES;
				CLANG_WARN__DUPLICATE_METHOD_MATCH = YES;
				"CODE_SIGN_IDENTITY[sdk=iphoneos*]" = "iPhone Developer";
				COPY_PHASE_STRIP = NO;
				DEBUG_INFORMATION_FORMAT = dwarf;
				ENABLE_STRICT_OBJC_MSGSEND = YES;
				GCC_C_LANGUAGE_STANDARD = gnu99;
				GCC_DYNAMIC_NO_PIC = NO;
				GCC_NO_COMMON_BLOCKS = YES;
				GCC_OPTIMIZATION_LEVEL = 0;
				GCC_PREPROCESSOR_DEFINITIONS = (
					"DEBUG=1",
					"$(inherited)",
				);
				GCC_SYMBOLS_PRIVATE_EXTERN = NO;
				GCC_WARN_64_TO_32_BIT_CONVERSION = YES;
				GCC_WARN_ABOUT_RETURN_TYPE = YES_ERROR;
				GCC_WARN_UNDECLARED_SELECTOR = YES;
				GCC_WARN_UNINITIALIZED_AUTOS = YES_AGGRESSIVE;
				GCC_WARN_UNUSED_FUNCTION = YES;
				GCC_WARN_UNUSED_VARIABLE = YES;
				IPHONEOS_DEPLOYMENT_TARGET = 8.3;
				MTL_ENABLE_DEBUG_INFO = YES;
				ONLY_ACTIVE_ARCH = YES;
				SDKROOT = iphoneos;
			};
			name = Debug;
		};
		25A1C0341AC70F4600C58677 /* Release */ = {
			isa = XCBuildConfiguration;
			buildSettings = {
				ALWAYS_SEARCH_USER_PATHS = NO;
				CLANG_CXX_LANGUAGE_STANDARD = "gnu++0x";
				CLANG_CXX_LIBRARY = "libc++";
				CLANG_ENABLE_MODULES = YES;
				CLANG_ENABLE_OBJC_ARC = YES;
				CLANG_WARN_BOOL_CONVERSION = YES;
				CLANG_WARN_CONSTANT_CONVERSION = YES;
				CLANG_WARN_DIRECT_OBJC_ISA_USAGE = YES_ERROR;
				CLANG_WARN_EMPTY_BODY = YES;
				CLANG_WARN_ENUM_CONVERSION = YES;
				CLANG_WARN_INT_CONVERSION = YES;
				CLANG_WARN_OBJC_ROOT_CLASS = YES_ERROR;
				CLANG_WARN_UNREACHABLE_CODE = YES;
				CLANG_WARN__DUPLICATE_METHOD_MATCH = YES;
				"CODE_SIGN_IDENTITY[sdk=iphoneos*]" = "iPhone Developer";
				COPY_PHASE_STRIP = NO;
				DEBUG_INFORMATION_FORMAT = "dwarf-with-dsym";
				ENABLE_NS_ASSERTIONS = NO;
				ENABLE_STRICT_OBJC_MSGSEND = YES;
				GCC_C_LANGUAGE_STANDARD = gnu99;
				GCC_NO_COMMON_BLOCKS = YES;
				GCC_WARN_64_TO_32_BIT_CONVERSION = YES;
				GCC_WARN_ABOUT_RETURN_TYPE = YES_ERROR;
				GCC_WARN_UNDECLARED_SELECTOR = YES;
				GCC_WARN_UNINITIALIZED_AUTOS = YES_AGGRESSIVE;
				GCC_WARN_UNUSED_FUNCTION = YES;
				GCC_WARN_UNUSED_VARIABLE = YES;
				IPHONEOS_DEPLOYMENT_TARGET = 8.3;
				MTL_ENABLE_DEBUG_INFO = NO;
				SDKROOT = iphoneos;
				VALIDATE_PRODUCT = YES;
			};
			name = Release;
		};
		25A1C0361AC70F4600C58677 /* Debug */ = {
			isa = XCBuildConfiguration;
			buildSettings = {
				ASSETCATALOG_COMPILER_APPICON_NAME = AppIcon;
				INFOPLIST_FILE = delicious/Info.plist;
				LD_RUNPATH_SEARCH_PATHS = "$(inherited) @executable_path/Frameworks";
				PRODUCT_NAME = "$(TARGET_NAME)";
			};
			name = Debug;
		};
		25A1C0371AC70F4600C58677 /* Release */ = {
			isa = XCBuildConfiguration;
			buildSettings = {
				ASSETCATALOG_COMPILER_APPICON_NAME = AppIcon;
				INFOPLIST_FILE = delicious/Info.plist;
				LD_RUNPATH_SEARCH_PATHS = "$(inherited) @executable_path/Frameworks";
				PRODUCT_NAME = "$(TARGET_NAME)";
			};
			name = Release;
		};
		25A1C0391AC70F4600C58677 /* Debug */ = {
			isa = XCBuildConfiguration;
			buildSettings = {
				BUNDLE_LOADER = "$(TEST_HOST)";
				FRAMEWORK_SEARCH_PATHS = (
					"$(SDKROOT)/Developer/Library/Frameworks",
					"$(inherited)",
				);
				GCC_PREPROCESSOR_DEFINITIONS = (
					"DEBUG=1",
					"$(inherited)",
				);
				INFOPLIST_FILE = deliciousTests/Info.plist;
				LD_RUNPATH_SEARCH_PATHS = "$(inherited) @executable_path/Frameworks @loader_path/Frameworks";
				PRODUCT_NAME = "$(TARGET_NAME)";
				TEST_HOST = "$(BUILT_PRODUCTS_DIR)/delicious.app/delicious";
			};
			name = Debug;
		};
		25A1C03A1AC70F4600C58677 /* Release */ = {
			isa = XCBuildConfiguration;
			buildSettings = {
				BUNDLE_LOADER = "$(TEST_HOST)";
				FRAMEWORK_SEARCH_PATHS = (
					"$(SDKROOT)/Developer/Library/Frameworks",
					"$(inherited)",
				);
				INFOPLIST_FILE = deliciousTests/Info.plist;
				LD_RUNPATH_SEARCH_PATHS = "$(inherited) @executable_path/Frameworks @loader_path/Frameworks";
				PRODUCT_NAME = "$(TARGET_NAME)";
				TEST_HOST = "$(BUILT_PRODUCTS_DIR)/delicious.app/delicious";
			};
			name = Release;
		};
/* End XCBuildConfiguration section */

/* Begin XCConfigurationList section */
		25A1C00A1AC70F4500C58677 /* Build configuration list for PBXProject "delicious" */ = {
			isa = XCConfigurationList;
			buildConfigurations = (
				25A1C0331AC70F4600C58677 /* Debug */,
				25A1C0341AC70F4600C58677 /* Release */,
			);
			defaultConfigurationIsVisible = 0;
			defaultConfigurationName = Release;
		};
		25A1C0351AC70F4600C58677 /* Build configuration list for PBXNativeTarget "delicious" */ = {
			isa = XCConfigurationList;
			buildConfigurations = (
				25A1C0361AC70F4600C58677 /* Debug */,
				25A1C0371AC70F4600C58677 /* Release */,
			);
			defaultConfigurationIsVisible = 0;
		};
		25A1C0381AC70F4600C58677 /* Build configuration list for PBXNativeTarget "deliciousTests" */ = {
			isa = XCConfigurationList;
			buildConfigurations = (
				25A1C0391AC70F4600C58677 /* Debug */,
				25A1C03A1AC70F4600C58677 /* Release */,
			);
			defaultConfigurationIsVisible = 0;
		};
/* End XCConfigurationList section */

/* Begin XCVersionGroup section */
		25A1C0191AC70F4500C58677 /* delicious.xcdatamodeld */ = {
			isa = XCVersionGroup;
			children = (
				25A1C01A1AC70F4500C58677 /* delicious.xcdatamodel */,
			);
			currentVersion = 25A1C01A1AC70F4500C58677 /* delicious.xcdatamodel */;
			path = delicious.xcdatamodeld;
			sourceTree = "<group>";
			versionGroupType = wrapper.xcdatamodel;
		};
/* End XCVersionGroup section */
	};
	rootObject = 25A1C0071AC70F4500C58677 /* Project object */;
}
